
Microsoft Visual Studio Solution File, Format Version 12.00
# Visual Studio Version 17
VisualStudioVersion = 17.4.33205.214
MinimumVisualStudioVersion = 10.0.40219.1
Project("{FAE04EC0-301F-11D3-BF4B-00C04F79EFBC}") = "HPC_Sec2", "HPC_Sec2.csproj", "{5EF34BB8-B49C-438C-AA2E-9B589316B3E1}"
EndProject
Global
	GlobalSection(SolutionConfigurationPlatforms) = preSolution
		Debug|Any CPU = Debug|Any CPU
		Release|Any CPU = Release|Any CPU
	EndGlobalSection
	GlobalSection(ProjectConfigurationPlatforms) = postSolution
		{5EF34BB8-B49C-438C-AA2E-9B589316B3E1}.Debug|Any CPU.ActiveCfg = Debug|Any CPU
		{5EF34BB8-B49C-438C-AA2E-9B589316B3E1}.Debug|Any CPU.Build.0 = Debug|Any CPU
		{5EF34BB8-B49C-438C-AA2E-9B589316B3E1}.Release|Any CPU.ActiveCfg = Release|Any CPU
		{5EF34BB8-B49C-438C-AA2E-9B589316B3E1}.Release|Any CPU.Build.0 = Release|Any CPU
	EndGlobalSection
	GlobalSection(SolutionProperties) = preSolution
		HideSolutionNode = FALSE
	EndGlobalSection
	GlobalSection(ExtensibilityGlobals) = postSolution
		SolutionGuid = {8C6462B8-407C-41E9-82E4-289C7CAEB0D8}
	EndGlobalSection
EndGlobal
